
Microsoft Visual Studio Solution File, Format Version 12.00
# Visual Studio 15
VisualStudioVersion = 15.0.28307.106
MinimumVisualStudioVersion = 10.0.40219.1
Project("{8BC9CEB8-8B4A-11D0-8D11-00A0C91BC942}") = "EliteDelete", "EliteDelete\EliteDelete.vcxproj", "{517443E9-76F4-428E-AF03-C2039C2AEF4A}"
EndProject
Global
	GlobalSection(SolutionConfigurationPlatforms) = preSolution
		Debug|x64 = Debug|x64
		Debug|x86 = Debug|x86
		Release|x64 = Release|x64
		Release|x86 = Release|x86
	EndGlobalSection
	GlobalSection(ProjectConfigurationPlatforms) = postSolution
		{517443E9-76F4-428E-AF03-C2039C2AEF4A}.Debug|x64.ActiveCfg = Debug|x64
		{517443E9-76F4-428E-AF03-C2039C2AEF4A}.Debug|x64.Build.0 = Debug|x64
		{517443E9-76F4-428E-AF03-C2039C2AEF4A}.Debug|x86.ActiveCfg = Debug|Win32
		{517443E9-76F4-428E-AF03-C2039C2AEF4A}.Debug|x86.Build.0 = Debug|Win32
		{517443E9-76F4-428E-AF03-C2039C2AEF4A}.Release|x64.ActiveCfg = Release|x64
		{517443E9-76F4-428E-AF03-C2039C2AEF4A}.Release|x64.Build.0 = Release|x64
		{517443E9-76F4-428E-AF03-C2039C2AEF4A}.Release|x86.ActiveCfg = Release|Win32
		{517443E9-76F4-428E-AF03-C2039C2AEF4A}.Release|x86.Build.0 = Release|Win32
	EndGlobalSection
	GlobalSection(SolutionProperties) = preSolution
		HideSolutionNode = FALSE
	EndGlobalSection
	GlobalSection(ExtensibilityGlobals) = postSolution
		SolutionGuid = {579E503F-049B-45AE-AB45-1D9C6840810B}
	EndGlobalSection
EndGlobal
